
Microsoft Visual Studio Solution File, Format Version 12.00
# Visual Studio 2013
VisualStudioVersion = 12.0.21005.1
MinimumVisualStudioVersion = 10.0.40219.1
Project("{FAE04EC0-301F-11D3-BF4B-00C04F79EFBC}") = "WebServices", "WebServices\WebServices.csproj", "{D49B3560-1267-4BB3-BF35-44DEC0C8A300}"
EndProject
Project("{FAE04EC0-301F-11D3-BF4B-00C04F79EFBC}") = "Client", "Client\Client.csproj", "{8F492628-35D4-4500-A52D-4F5E31EADADC}"
	ProjectSection(ProjectDependencies) = postProject
		{D49B3560-1267-4BB3-BF35-44DEC0C8A300} = {D49B3560-1267-4BB3-BF35-44DEC0C8A300}
	EndProjectSection
EndProject
Global
	GlobalSection(SolutionConfigurationPlatforms) = preSolution
		Debug|Any CPU = Debug|Any CPU
		Release|Any CPU = Release|Any CPU
	EndGlobalSection
	GlobalSection(ProjectConfigurationPlatforms) = postSolution
		{D49B3560-1267-4BB3-BF35-44DEC0C8A300}.Debug|Any CPU.ActiveCfg = Debug|Any CPU
		{D49B3560-1267-4BB3-BF35-44DEC0C8A300}.Debug|Any CPU.Build.0 = Debug|Any CPU
		{D49B3560-1267-4BB3-BF35-44DEC0C8A300}.Release|Any CPU.ActiveCfg = Release|Any CPU
		{D49B3560-1267-4BB3-BF35-44DEC0C8A300}.Release|Any CPU.Build.0 = Release|Any CPU
		{8F492628-35D4-4500-A52D-4F5E31EADADC}.Debug|Any CPU.ActiveCfg = Debug|Any CPU
		{8F492628-35D4-4500-A52D-4F5E31EADADC}.Debug|Any CPU.Build.0 = Debug|Any CPU
		{8F492628-35D4-4500-A52D-4F5E31EADADC}.Release|Any CPU.ActiveCfg = Release|Any CPU
		{8F492628-35D4-4500-A52D-4F5E31EADADC}.Release|Any CPU.Build.0 = Release|Any CPU
	EndGlobalSection
	GlobalSection(SolutionProperties) = preSolution
		HideSolutionNode = FALSE
	EndGlobalSection
EndGlobal
